
Microsoft Visual Studio Solution File, Format Version 12.00
# Visual Studio Version 16
VisualStudioVersion = 16.0.35425.106
MinimumVisualStudioVersion = 10.0.40219.1
Project("{FAE04EC0-301F-11D3-BF4B-00C04F79EFBC}") = "School_Level_Problems", "School_Level_Problems.csproj", "{933E9303-352E-40BB-B097-4DDBE4CC16D0}"
EndProject
Global
	GlobalSection(SolutionConfigurationPlatforms) = preSolution
		Debug|Any CPU = Debug|Any CPU
		Release|Any CPU = Release|Any CPU
	EndGlobalSection
	GlobalSection(ProjectConfigurationPlatforms) = postSolution
		{933E9303-352E-40BB-B097-4DDBE4CC16D0}.Debug|Any CPU.ActiveCfg = Debug|Any CPU
		{933E9303-352E-40BB-B097-4DDBE4CC16D0}.Debug|Any CPU.Build.0 = Debug|Any CPU
		{933E9303-352E-40BB-B097-4DDBE4CC16D0}.Release|Any CPU.ActiveCfg = Release|Any CPU
		{933E9303-352E-40BB-B097-4DDBE4CC16D0}.Release|Any CPU.Build.0 = Release|Any CPU
	EndGlobalSection
	GlobalSection(SolutionProperties) = preSolution
		HideSolutionNode = FALSE
	EndGlobalSection
	GlobalSection(ExtensibilityGlobals) = postSolution
		SolutionGuid = {A2AD0752-1366-4100-A622-B00B010BD9B7}
	EndGlobalSection
EndGlobal
